
Microsoft Visual Studio Solution File, Format Version 12.00
Project("{FAE04EC0-301F-11D3-BF4B-00C04F79EFBC}") = "ModsOfMistriaInstaller", "ModsOfMistriaInstaller.csproj", "{0D2D2F9F-DF6B-44BD-AF8D-316C0A63B3CE}"
EndProject
Global
	GlobalSection(SolutionConfigurationPlatforms) = preSolution
		Debug|Any CPU = Debug|Any CPU
		Release|Any CPU = Release|Any CPU
	EndGlobalSection
	GlobalSection(ProjectConfigurationPlatforms) = postSolution
		{0D2D2F9F-DF6B-44BD-AF8D-316C0A63B3CE}.Debug|Any CPU.ActiveCfg = Debug|Any CPU
		{0D2D2F9F-DF6B-44BD-AF8D-316C0A63B3CE}.Debug|Any CPU.Build.0 = Debug|Any CPU
		{0D2D2F9F-DF6B-44BD-AF8D-316C0A63B3CE}.Release|Any CPU.ActiveCfg = Release|Any CPU
		{0D2D2F9F-DF6B-44BD-AF8D-316C0A63B3CE}.Release|Any CPU.Build.0 = Release|Any CPU
	EndGlobalSection
EndGlobal
